
Microsoft Visual Studio Solution File, Format Version 12.00
# Visual Studio Version 17
VisualStudioVersion = 17.12.35506.116
MinimumVisualStudioVersion = 10.0.40219.1
Project("{FAE04EC0-301F-11D3-BF4B-00C04F79EFBC}") = "Bai1Lab8NET1051", "Bai1Lab8NET1051\Bai1Lab8NET1051.csproj", "{F96232D4-C376-47E3-9636-797DED2D3564}"
EndProject
Project("{FAE04EC0-301F-11D3-BF4B-00C04F79EFBC}") = "Lab8Bai2", "Lab8Bai2\Lab8Bai2.csproj", "{0C21865A-2A5D-4266-939C-39668AAFF879}"
EndProject
Project("{FAE04EC0-301F-11D3-BF4B-00C04F79EFBC}") = "Lab8Bai3", "Lab8Bai3\Lab8Bai3.csproj", "{D05733A7-3FF4-4870-A048-305D80CB4972}"
EndProject
Project("{FAE04EC0-301F-11D3-BF4B-00C04F79EFBC}") = "ClientProduct", "ClientProduct\ClientProduct.csproj", "{0E858AB7-9DF4-491C-A105-7E2303AE20AB}"
EndProject
Global
	GlobalSection(SolutionConfigurationPlatforms) = preSolution
		Debug|Any CPU = Debug|Any CPU
		Release|Any CPU = Release|Any CPU
	EndGlobalSection
	GlobalSection(ProjectConfigurationPlatforms) = postSolution
		{F96232D4-C376-47E3-9636-797DED2D3564}.Debug|Any CPU.ActiveCfg = Debug|Any CPU
		{F96232D4-C376-47E3-9636-797DED2D3564}.Debug|Any CPU.Build.0 = Debug|Any CPU
		{F96232D4-C376-47E3-9636-797DED2D3564}.Release|Any CPU.ActiveCfg = Release|Any CPU
		{F96232D4-C376-47E3-9636-797DED2D3564}.Release|Any CPU.Build.0 = Release|Any CPU
		{0C21865A-2A5D-4266-939C-39668AAFF879}.Debug|Any CPU.ActiveCfg = Debug|Any CPU
		{0C21865A-2A5D-4266-939C-39668AAFF879}.Debug|Any CPU.Build.0 = Debug|Any CPU
		{0C21865A-2A5D-4266-939C-39668AAFF879}.Release|Any CPU.ActiveCfg = Release|Any CPU
		{0C21865A-2A5D-4266-939C-39668AAFF879}.Release|Any CPU.Build.0 = Release|Any CPU
		{D05733A7-3FF4-4870-A048-305D80CB4972}.Debug|Any CPU.ActiveCfg = Debug|Any CPU
		{D05733A7-3FF4-4870-A048-305D80CB4972}.Debug|Any CPU.Build.0 = Debug|Any CPU
		{D05733A7-3FF4-4870-A048-305D80CB4972}.Release|Any CPU.ActiveCfg = Release|Any CPU
		{D05733A7-3FF4-4870-A048-305D80CB4972}.Release|Any CPU.Build.0 = Release|Any CPU
		{0E858AB7-9DF4-491C-A105-7E2303AE20AB}.Debug|Any CPU.ActiveCfg = Debug|Any CPU
		{0E858AB7-9DF4-491C-A105-7E2303AE20AB}.Debug|Any CPU.Build.0 = Debug|Any CPU
		{0E858AB7-9DF4-491C-A105-7E2303AE20AB}.Release|Any CPU.ActiveCfg = Release|Any CPU
		{0E858AB7-9DF4-491C-A105-7E2303AE20AB}.Release|Any CPU.Build.0 = Release|Any CPU
	EndGlobalSection
	GlobalSection(SolutionProperties) = preSolution
		HideSolutionNode = FALSE
	EndGlobalSection
EndGlobal
